// !$*UTF8*$!
{
	archiveVersion = 1;
	classes = {
	};
	objectVersion = 56;
	objects = {

/* Begin PBXBuildFile section */
		4D5C09592B40FD9C00882087 /* Utils.docc in Sources */ = {isa = PBXBuildFile; fileRef = 4D5C09582B40FD9C00882087 /* Utils.docc */; };
		4D5C095F2B40FD9C00882087 /* Utils.framework in Frameworks */ = {isa = PBXBuildFile; fileRef = 4D5C09542B40FD9C00882087 /* Utils.framework */; };
		4D5C09642B40FD9C00882087 /* UtilsTests.swift in Sources */ = {isa = PBXBuildFile; fileRef = 4D5C09632B40FD9C00882087 /* UtilsTests.swift */; };
		4D5C09652B40FD9C00882087 /* Utils.h in Headers */ = {isa = PBXBuildFile; fileRef = 4D5C09572B40FD9C00882087 /* Utils.h */; settings = {ATTRIBUTES = (Public, ); }; };
		4D5C096F2B40FFE700882087 /* RatingStartsView.swift in Sources */ = {isa = PBXBuildFile; fileRef = 4D5C096E2B40FFE700882087 /* RatingStartsView.swift */; };
/* End PBXBuildFile section */

/* Begin PBXContainerItemProxy section */
		4D5C09602B40FD9C00882087 /* PBXContainerItemProxy */ = {
			isa = PBXContainerItemProxy;
			containerPortal = 4D5C094B2B40FD9C00882087 /* Project object */;
			proxyType = 1;
			remoteGlobalIDString = 4D5C09532B40FD9C00882087;
			remoteInfo = Utils;
		};
/* End PBXContainerItemProxy section */

/* Begin PBXFileReference section */
		4D5C09542B40FD9C00882087 /* Utils.framework */ = {isa = PBXFileReference; explicitFileType = wrapper.framework; includeInIndex = 0; path = Utils.framework; sourceTree = BUILT_PRODUCTS_DIR; };
		4D5C09572B40FD9C00882087 /* Utils.h */ = {isa = PBXFileReference; lastKnownFileType = sourcecode.c.h; path = Utils.h; sourceTree = "<group>"; };
		4D5C09582B40FD9C00882087 /* Utils.docc */ = {isa = PBXFileReference; lastKnownFileType = folder.documentationcatalog; path = Utils.docc; sourceTree = "<group>"; };
		4D5C095E2B40FD9C00882087 /* UtilsTests.xctest */ = {isa = PBXFileReference; explicitFileType = wrapper.cfbundle; includeInIndex = 0; path = UtilsTests.xctest; sourceTree = BUILT_PRODUCTS_DIR; };
		4D5C09632B40FD9C00882087 /* UtilsTests.swift */ = {isa = PBXFileReference; lastKnownFileType = sourcecode.swift; path = UtilsTests.swift; sourceTree = "<group>"; };
		4D5C096E2B40FFE700882087 /* RatingStartsView.swift */ = {isa = PBXFileReference; lastKnownFileType = sourcecode.swift; path = RatingStartsView.swift; sourceTree = "<group>"; };
/* End PBXFileReference section */

/* Begin PBXFrameworksBuildPhase section */
		4D5C09512B40FD9C00882087 /* Frameworks */ = {
			isa = PBXFrameworksBuildPhase;
			buildActionMask = 2147483647;
			files = (
			);
			runOnlyForDeploymentPostprocessing = 0;
		};
		4D5C095B2B40FD9C00882087 /* Frameworks */ = {
			isa = PBXFrameworksBuildPhase;
			buildActionMask = 2147483647;
			files = (
				4D5C095F2B40FD9C00882087 /* Utils.framework in Frameworks */,
			);
			runOnlyForDeploymentPostprocessing = 0;
		};
/* End PBXFrameworksBuildPhase section */

/* Begin PBXGroup section */
		4D5C094A2B40FD9C00882087 = {
			isa = PBXGroup;
			children = (
				4D5C09562B40FD9C00882087 /* Utils */,
				4D5C09622B40FD9C00882087 /* UtilsTests */,
				4D5C09552B40FD9C00882087 /* Products */,
			);
			sourceTree = "<group>";
		};
		4D5C09552B40FD9C00882087 /* Products */ = {
			isa = PBXGroup;
			children = (
				4D5C09542B40FD9C00882087 /* Utils.framework */,
				4D5C095E2B40FD9C00882087 /* UtilsTests.xctest */,
			);
			name = Products;
			sourceTree = "<group>";
		};
		4D5C09562B40FD9C00882087 /* Utils */ = {
			isa = PBXGroup;
			children = (
				4D5C09572B40FD9C00882087 /* Utils.h */,
				4D5C096E2B40FFE700882087 /* RatingStartsView.swift */,
				4D5C09582B40FD9C00882087 /* Utils.docc */,
			);
			path = Utils;
			sourceTree = "<group>";
		};
		4D5C09622B40FD9C00882087 /* UtilsTests */ = {
			isa = PBXGroup;
			children = (
				4D5C09632B40FD9C00882087 /* UtilsTests.swift */,
			);
			path = UtilsTests;
			sourceTree = "<group>";
		};
/* End PBXGroup section */

/* Begin PBXHeadersBuildPhase section */
		4D5C094F2B40FD9C00882087 /* Headers */ = {
			isa = PBXHeadersBuildPhase;
			buildActionMask = 2147483647;
			files = (
				4D5C09652B40FD9C00882087 /* Utils.h in Headers */,
			);
			runOnlyForDeploymentPostprocessing = 0;
		};
/* End PBXHeadersBuildPhase section */

/* Begin PBXNativeTarget section */
		4D5C09532B40FD9C00882087 /* Utils */ = {
			isa = PBXNativeTarget;
			buildConfigurationList = 4D5C09682B40FD9C00882087 /* Build configuration list for PBXNativeTarget "Utils" */;
			buildPhases = (
				4D5C094F2B40FD9C00882087 /* Headers */,
				4D5C09502B40FD9C00882087 /* Sources */,
				4D5C09512B40FD9C00882087 /* Frameworks */,
				4D5C09522B40FD9C00882087 /* Resources */,
			);
			buildRules = (
			);
			dependencies = (
			);
			name = Utils;
			productName = Utils;
			productReference = 4D5C09542B40FD9C00882087 /* Utils.framework */;
			productType = "com.apple.product-type.framework";
		};
		4D5C095D2B40FD9C00882087 /* UtilsTests */ = {
			isa = PBXNativeTarget;
			buildConfigurationList = 4D5C096B2B40FD9C00882087 /* Build configuration list for PBXNativeTarget "UtilsTests" */;
			buildPhases = (
				4D5C095A2B40FD9C00882087 /* Sources */,
				4D5C095B2B40FD9C00882087 /* Frameworks */,
				4D5C095C2B40FD9C00882087 /* Resources */,
			);
			buildRules = (
			);
			dependencies = (
				4D5C09612B40FD9C00882087 /* PBXTargetDependency */,
			);
			name = UtilsTests;
			productName = UtilsTests;
			productReference = 4D5C095E2B40FD9C00882087 /* UtilsTests.xctest */;
			productType = "com.apple.product-type.bundle.unit-test";
		};
/* End PBXNativeTarget section */

/* Begin PBXProject section */
		4D5C094B2B40FD9C00882087 /* Project object */ = {
			isa = PBXProject;
			attributes = {
				BuildIndependentTargetsInParallel = 1;
				LastSwiftUpdateCheck = 1510;
				LastUpgradeCheck = 1510;
				TargetAttributes = {
					4D5C09532B40FD9C00882087 = {
						CreatedOnToolsVersion = 15.1;
					};
					4D5C095D2B40FD9C00882087 = {
						CreatedOnToolsVersion = 15.1;
					};
				};
			};
			buildConfigurationList = 4D5C094E2B40FD9C00882087 /* Build configuration list for PBXProject "Utils" */;
			compatibilityVersion = "Xcode 14.0";
			developmentRegion = en;
			hasScannedForEncodings = 0;
			knownRegions = (
				en,
				Base,
			);
			mainGroup = 4D5C094A2B40FD9C00882087;
			productRefGroup = 4D5C09552B40FD9C00882087 /* Products */;
			projectDirPath = "";
			projectRoot = "";
			targets = (
				4D5C09532B40FD9C00882087 /* Utils */,
				4D5C095D2B40FD9C00882087 /* UtilsTests */,
			);
		};
/* End PBXProject section */

/* Begin PBXResourcesBuildPhase section */
		4D5C09522B40FD9C00882087 /* Resources */ = {
			isa = PBXResourcesBuildPhase;
			buildActionMask = 2147483647;
			files = (
			);
			runOnlyForDeploymentPostprocessing = 0;
		};
		4D5C095C2B40FD9C00882087 /* Resources */ = {
			isa = PBXResourcesBuildPhase;
			buildActionMask = 2147483647;
			files = (
			);
			runOnlyForDeploymentPostprocessing = 0;
		};
/* End PBXResourcesBuildPhase section */

/* Begin PBXSourcesBuildPhase section */
		4D5C09502B40FD9C00882087 /* Sources */ = {
			isa = PBXSourcesBuildPhase;
			buildActionMask = 2147483647;
			files = (
				4D5C096F2B40FFE700882087 /* RatingStartsView.swift in Sources */,
				4D5C09592B40FD9C00882087 /* Utils.docc in Sources */,
			);
			runOnlyForDeploymentPostprocessing = 0;
		};
		4D5C095A2B40FD9C00882087 /* Sources */ = {
			isa = PBXSourcesBuildPhase;
			buildActionMask = 2147483647;
			files = (
				4D5C09642B40FD9C00882087 /* UtilsTests.swift in Sources */,
			);
			runOnlyForDeploymentPostprocessing = 0;
		};
/* End PBXSourcesBuildPhase section */

/* Begin PBXTargetDependency section */
		4D5C09612B40FD9C00882087 /* PBXTargetDependency */ = {
			isa = PBXTargetDependency;
			target = 4D5C09532B40FD9C00882087 /* Utils */;
			targetProxy = 4D5C09602B40FD9C00882087 /* PBXContainerItemProxy */;
		};
/* End PBXTargetDependency section */

/* Begin XCBuildConfiguration section */
		4D5C09662B40FD9C00882087 /* Debug */ = {
			isa = XCBuildConfiguration;
			buildSettings = {
				ALWAYS_SEARCH_USER_PATHS = NO;
				ASSETCATALOG_COMPILER_GENERATE_SWIFT_ASSET_SYMBOL_EXTENSIONS = YES;
				CLANG_ANALYZER_NONNULL = YES;
				CLANG_ANALYZER_NUMBER_OBJECT_CONVERSION = YES_AGGRESSIVE;
				CLANG_CXX_LANGUAGE_STANDARD = "gnu++20";
				CLANG_ENABLE_MODULES = YES;
				CLANG_ENABLE_OBJC_ARC = YES;
				CLANG_ENABLE_OBJC_WEAK = YES;
				CLANG_WARN_BLOCK_CAPTURE_AUTORELEASING = YES;
				CLANG_WARN_BOOL_CONVERSION = YES;
				CLANG_WARN_COMMA = YES;
				CLANG_WARN_CONSTANT_CONVERSION = YES;
				CLANG_WARN_DEPRECATED_OBJC_IMPLEMENTATIONS = YES;
				CLANG_WARN_DIRECT_OBJC_ISA_USAGE = YES_ERROR;
				CLANG_WARN_DOCUMENTATION_COMMENTS = YES;
				CLANG_WARN_EMPTY_BODY = YES;
				CLANG_WARN_ENUM_CONVERSION = YES;
				CLANG_WARN_INFINITE_RECURSION = YES;
				CLANG_WARN_INT_CONVERSION = YES;
				CLANG_WARN_NON_LITERAL_NULL_CONVERSION = YES;
				CLANG_WARN_OBJC_IMPLICIT_RETAIN_SELF = YES;
				CLANG_WARN_OBJC_LITERAL_CONVERSION = YES;
				CLANG_WARN_OBJC_ROOT_CLASS = YES_ERROR;
				CLANG_WARN_QUOTED_INCLUDE_IN_FRAMEWORK_HEADER = YES;
				CLANG_WARN_RANGE_LOOP_ANALYSIS = YES;
				CLANG_WARN_STRICT_PROTOTYPES = YES;
				CLANG_WARN_SUSPICIOUS_MOVE = YES;
				CLANG_WARN_UNGUARDED_AVAILABILITY = YES_AGGRESSIVE;
				CLANG_WARN_UNREACHABLE_CODE = YES;
				CLANG_WARN__DUPLICATE_METHOD_MATCH = YES;
				COPY_PHASE_STRIP = NO;
				CURRENT_PROJECT_VERSION = 1;
				DEBUG_INFORMATION_FORMAT = dwarf;
				ENABLE_STRICT_OBJC_MSGSEND = YES;
				ENABLE_TESTABILITY = YES;
				ENABLE_USER_SCRIPT_SANDBOXING = YES;
				GCC_C_LANGUAGE_STANDARD = gnu17;
				GCC_DYNAMIC_NO_PIC = NO;
				GCC_NO_COMMON_BLOCKS = YES;
				GCC_OPTIMIZATION_LEVEL = 0;
				GCC_PREPROCESSOR_DEFINITIONS = (
					"DEBUG=1",
					"$(inherited)",
				);
				GCC_WARN_64_TO_32_BIT_CONVERSION = YES;
				GCC_WARN_ABOUT_RETURN_TYPE = YES_ERROR;
				GCC_WARN_UNDECLARED_SELECTOR = YES;
				GCC_WARN_UNINITIALIZED_AUTOS = YES_AGGRESSIVE;
				GCC_WARN_UNUSED_FUNCTION = YES;
				GCC_WARN_UNUSED_VARIABLE = YES;
				IPHONEOS_DEPLOYMENT_TARGET = 17.2;
				LOCALIZATION_PREFERS_STRING_CATALOGS = YES;
				MTL_ENABLE_DEBUG_INFO = INCLUDE_SOURCE;
				MTL_FAST_MATH = YES;
				ONLY_ACTIVE_ARCH = YES;
				SDKROOT = iphoneos;
				SWIFT_ACTIVE_COMPILATION_CONDITIONS = "DEBUG $(inherited)";
				SWIFT_OPTIMIZATION_LEVEL = "-Onone";
				VERSIONING_SYSTEM = "apple-generic";
				VERSION_INFO_PREFIX = "";
			};
			name = Debug;
		};
		4D5C09672B40FD9C00882087 /* Release */ = {
			isa = XCBuildConfiguration;
			buildSettings = {
				ALWAYS_SEARCH_USER_PATHS = NO;
				ASSETCATALOG_COMPILER_GENERATE_SWIFT_ASSET_SYMBOL_EXTENSIONS = YES;
				CLANG_ANALYZER_NONNULL = YES;
				CLANG_ANALYZER_NUMBER_OBJECT_CONVERSION = YES_AGGRESSIVE;
				CLANG_CXX_LANGUAGE_STANDARD = "gnu++20";
				CLANG_ENABLE_MODULES = YES;
				CLANG_ENABLE_OBJC_ARC = YES;
				CLANG_ENABLE_OBJC_WEAK = YES;
				CLANG_WARN_BLOCK_CAPTURE_AUTORELEASING = YES;
				CLANG_WARN_BOOL_CONVERSION = YES;
				CLANG_WARN_COMMA = YES;
				CLANG_WARN_CONSTANT_CONVERSION = YES;
				CLANG_WARN_DEPRECATED_OBJC_IMPLEMENTATIONS = YES;
				CLANG_WARN_DIRECT_OBJC_ISA_USAGE = YES_ERROR;
				CLANG_WARN_DOCUMENTATION_COMMENTS = YES;
				CLANG_WARN_EMPTY_BODY = YES;
				CLANG_WARN_ENUM_CONVERSION = YES;
				CLANG_WARN_INFINITE_RECURSION = YES;
				CLANG_WARN_INT_CONVERSION = YES;
				CLANG_WARN_NON_LITERAL_NULL_CONVERSION = YES;
				CLANG_WARN_OBJC_IMPLICIT_RETAIN_SELF = YES;
				CLANG_WARN_OBJC_LITERAL_CONVERSION = YES;
				CLANG_WARN_OBJC_ROOT_CLASS = YES_ERROR;
				CLANG_WARN_QUOTED_INCLUDE_IN_FRAMEWORK_HEADER = YES;
				CLANG_WARN_RANGE_LOOP_ANALYSIS = YES;
				CLANG_WARN_STRICT_PROTOTYPES = YES;
				CLANG_WARN_SUSPICIOUS_MOVE = YES;
				CLANG_WARN_UNGUARDED_AVAILABILITY = YES_AGGRESSIVE;
				CLANG_WARN_UNREACHABLE_CODE = YES;
				CLANG_WARN__DUPLICATE_METHOD_MATCH = YES;
				COPY_PHASE_STRIP = NO;
				CURRENT_PROJECT_VERSION = 1;
				DEBUG_INFORMATION_FORMAT = "dwarf-with-dsym";
				ENABLE_NS_ASSERTIONS = NO;
				ENABLE_STRICT_OBJC_MSGSEND = YES;
				ENABLE_USER_SCRIPT_SANDBOXING = YES;
				GCC_C_LANGUAGE_STANDARD = gnu17;
				GCC_NO_COMMON_BLOCKS = YES;
				GCC_WARN_64_TO_32_BIT_CONVERSION = YES;
				GCC_WARN_ABOUT_RETURN_TYPE = YES_ERROR;
				GCC_WARN_UNDECLARED_SELECTOR = YES;
				GCC_WARN_UNINITIALIZED_AUTOS = YES_AGGRESSIVE;
				GCC_WARN_UNUSED_FUNCTION = YES;
				GCC_WARN_UNUSED_VARIABLE = YES;
				IPHONEOS_DEPLOYMENT_TARGET = 17.2;
				LOCALIZATION_PREFERS_STRING_CATALOGS = YES;
				MTL_ENABLE_DEBUG_INFO = NO;
				MTL_FAST_MATH = YES;
				SDKROOT = iphoneos;
				SWIFT_COMPILATION_MODE = wholemodule;
				VALIDATE_PRODUCT = YES;
				VERSIONING_SYSTEM = "apple-generic";
				VERSION_INFO_PREFIX = "";
			};
			name = Release;
		};
		4D5C09692B40FD9C00882087 /* Debug */ = {
			isa = XCBuildConfiguration;
			buildSettings = {
				CODE_SIGN_STYLE = Automatic;
				CURRENT_PROJECT_VERSION = 1;
				DEFINES_MODULE = YES;
				DEVELOPMENT_TEAM = G9TBJCK73T;
				DYLIB_COMPATIBILITY_VERSION = 1;
				DYLIB_CURRENT_VERSION = 1;
				DYLIB_INSTALL_NAME_BASE = "@rpath";
				ENABLE_MODULE_VERIFIER = YES;
				GENERATE_INFOPLIST_FILE = YES;
				INFOPLIST_KEY_NSHumanReadableCopyright = "";
				INSTALL_PATH = "$(LOCAL_LIBRARY_DIR)/Frameworks";
				LD_RUNPATH_SEARCH_PATHS = (
					"$(inherited)",
					"@executable_path/Frameworks",
					"@loader_path/Frameworks",
				);
				MARKETING_VERSION = 1.0;
				MODULE_VERIFIER_SUPPORTED_LANGUAGES = "objective-c objective-c++";
				MODULE_VERIFIER_SUPPORTED_LANGUAGE_STANDARDS = "gnu17 gnu++20";
				PRODUCT_BUNDLE_IDENTIFIER = com.israman.somenews.Utils;
				PRODUCT_NAME = "$(TARGET_NAME:c99extidentifier)";
				SKIP_INSTALL = YES;
				SWIFT_EMIT_LOC_STRINGS = YES;
				SWIFT_VERSION = 5.0;
				TARGETED_DEVICE_FAMILY = "1,2";
			};
			name = Debug;
		};
		4D5C096A2B40FD9C00882087 /* Release */ = {
			isa = XCBuildConfiguration;
			buildSettings = {
				CODE_SIGN_STYLE = Automatic;
				CURRENT_PROJECT_VERSION = 1;
				DEFINES_MODULE = YES;
				DEVELOPMENT_TEAM = G9TBJCK73T;
				DYLIB_COMPATIBILITY_VERSION = 1;
				DYLIB_CURRENT_VERSION = 1;
				DYLIB_INSTALL_NAME_BASE = "@rpath";
				ENABLE_MODULE_VERIFIER = YES;
				GENERATE_INFOPLIST_FILE = YES;
				INFOPLIST_KEY_NSHumanReadableCopyright = "";
				INSTALL_PATH = "$(LOCAL_LIBRARY_DIR)/Frameworks";
				LD_RUNPATH_SEARCH_PATHS = (
					"$(inherited)",
					"@executable_path/Frameworks",
					"@loader_path/Frameworks",
				);
				MARKETING_VERSION = 1.0;
				MODULE_VERIFIER_SUPPORTED_LANGUAGES = "objective-c objective-c++";
				MODULE_VERIFIER_SUPPORTED_LANGUAGE_STANDARDS = "gnu17 gnu++20";
				PRODUCT_BUNDLE_IDENTIFIER = com.israman.somenews.Utils;
				PRODUCT_NAME = "$(TARGET_NAME:c99extidentifier)";
				SKIP_INSTALL = YES;
				SWIFT_EMIT_LOC_STRINGS = YES;
				SWIFT_VERSION = 5.0;
				TARGETED_DEVICE_FAMILY = "1,2";
			};
			name = Release;
		};
		4D5C096C2B40FD9C00882087 /* Debug */ = {
			isa = XCBuildConfiguration;
			buildSettings = {
				ALWAYS_EMBED_SWIFT_STANDARD_LIBRARIES = YES;
				CODE_SIGN_STYLE = Automatic;
				CURRENT_PROJECT_VERSION = 1;
				DEVELOPMENT_TEAM = G9TBJCK73T;
				GENERATE_INFOPLIST_FILE = YES;
				MARKETING_VERSION = 1.0;
				PRODUCT_BUNDLE_IDENTIFIER = com.israman.somenews.UtilsTests;
				PRODUCT_NAME = "$(TARGET_NAME)";
				SWIFT_EMIT_LOC_STRINGS = NO;
				SWIFT_VERSION = 5.0;
				TARGETED_DEVICE_FAMILY = "1,2";
			};
			name = Debug;
		};
		4D5C096D2B40FD9C00882087 /* Release */ = {
			isa = XCBuildConfiguration;
			buildSettings = {
				ALWAYS_EMBED_SWIFT_STANDARD_LIBRARIES = YES;
				CODE_SIGN_STYLE = Automatic;
				CURRENT_PROJECT_VERSION = 1;
				DEVELOPMENT_TEAM = G9TBJCK73T;
				GENERATE_INFOPLIST_FILE = YES;
				MARKETING_VERSION = 1.0;
				PRODUCT_BUNDLE_IDENTIFIER = com.israman.somenews.UtilsTests;
				PRODUCT_NAME = "$(TARGET_NAME)";
				SWIFT_EMIT_LOC_STRINGS = NO;
				SWIFT_VERSION = 5.0;
				TARGETED_DEVICE_FAMILY = "1,2";
			};
			name = Release;
		};
/* End XCBuildConfiguration section */

/* Begin XCConfigurationList section */
		4D5C094E2B40FD9C00882087 /* Build configuration list for PBXProject "Utils" */ = {
			isa = XCConfigurationList;
			buildConfigurations = (
				4D5C09662B40FD9C00882087 /* Debug */,
				4D5C09672B40FD9C00882087 /* Release */,
			);
			defaultConfigurationIsVisible = 0;
			defaultConfigurationName = Release;
		};
		4D5C09682B40FD9C00882087 /* Build configuration list for PBXNativeTarget "Utils" */ = {
			isa = XCConfigurationList;
			buildConfigurations = (
				4D5C09692B40FD9C00882087 /* Debug */,
				4D5C096A2B40FD9C00882087 /* Release */,
			);
			defaultConfigurationIsVisible = 0;
			defaultConfigurationName = Release;
		};
		4D5C096B2B40FD9C00882087 /* Build configuration list for PBXNativeTarget "UtilsTests" */ = {
			isa = XCConfigurationList;
			buildConfigurations = (
				4D5C096C2B40FD9C00882087 /* Debug */,
				4D5C096D2B40FD9C00882087 /* Release */,
			);
			defaultConfigurationIsVisible = 0;
			defaultConfigurationName = Release;
		};
/* End XCConfigurationList section */
	};
	rootObject = 4D5C094B2B40FD9C00882087 /* Project object */;
}
